
Microsoft Visual Studio Solution File, Format Version 12.00
# Visual Studio Version 17
VisualStudioVersion = 17.5.33502.453
MinimumVisualStudioVersion = 10.0.40219.1
Project("{9A19103F-16F7-4668-BE54-9A1E7A4F7556}") = "Core", "Core\Core.csproj", "{CDDECF2A-F32A-4239-AFDE-EF16D36A642A}"
EndProject
Project("{9A19103F-16F7-4668-BE54-9A1E7A4F7556}") = "Repository", "Repository\Repository.csproj", "{8DE5BDE0-13F4-449A-B778-34B32390E5F6}"
EndProject
Project("{9A19103F-16F7-4668-BE54-9A1E7A4F7556}") = "Service", "Service\Service.csproj", "{D0904905-99C5-4AFD-BB5F-0A932A07C861}"
EndProject
Project("{FAE04EC0-301F-11D3-BF4B-00C04F79EFBC}") = "API", "API\API.csproj", "{52DCBA23-11FD-48EC-A0C1-C834C9CCB13C}"
EndProject
Global
	GlobalSection(SolutionConfigurationPlatforms) = preSolution
		Debug|Any CPU = Debug|Any CPU
		Release|Any CPU = Release|Any CPU
	EndGlobalSection
	GlobalSection(ProjectConfigurationPlatforms) = postSolution
		{CDDECF2A-F32A-4239-AFDE-EF16D36A642A}.Debug|Any CPU.ActiveCfg = Debug|Any CPU
		{CDDECF2A-F32A-4239-AFDE-EF16D36A642A}.Debug|Any CPU.Build.0 = Debug|Any CPU
		{CDDECF2A-F32A-4239-AFDE-EF16D36A642A}.Release|Any CPU.ActiveCfg = Release|Any CPU
		{CDDECF2A-F32A-4239-AFDE-EF16D36A642A}.Release|Any CPU.Build.0 = Release|Any CPU
		{8DE5BDE0-13F4-449A-B778-34B32390E5F6}.Debug|Any CPU.ActiveCfg = Debug|Any CPU
		{8DE5BDE0-13F4-449A-B778-34B32390E5F6}.Debug|Any CPU.Build.0 = Debug|Any CPU
		{8DE5BDE0-13F4-449A-B778-34B32390E5F6}.Release|Any CPU.ActiveCfg = Release|Any CPU
		{8DE5BDE0-13F4-449A-B778-34B32390E5F6}.Release|Any CPU.Build.0 = Release|Any CPU
		{D0904905-99C5-4AFD-BB5F-0A932A07C861}.Debug|Any CPU.ActiveCfg = Debug|Any CPU
		{D0904905-99C5-4AFD-BB5F-0A932A07C861}.Debug|Any CPU.Build.0 = Debug|Any CPU
		{D0904905-99C5-4AFD-BB5F-0A932A07C861}.Release|Any CPU.ActiveCfg = Release|Any CPU
		{D0904905-99C5-4AFD-BB5F-0A932A07C861}.Release|Any CPU.Build.0 = Release|Any CPU
		{52DCBA23-11FD-48EC-A0C1-C834C9CCB13C}.Debug|Any CPU.ActiveCfg = Debug|Any CPU
		{52DCBA23-11FD-48EC-A0C1-C834C9CCB13C}.Debug|Any CPU.Build.0 = Debug|Any CPU
		{52DCBA23-11FD-48EC-A0C1-C834C9CCB13C}.Release|Any CPU.ActiveCfg = Release|Any CPU
		{52DCBA23-11FD-48EC-A0C1-C834C9CCB13C}.Release|Any CPU.Build.0 = Release|Any CPU
	EndGlobalSection
	GlobalSection(SolutionProperties) = preSolution
		HideSolutionNode = FALSE
	EndGlobalSection
	GlobalSection(ExtensibilityGlobals) = postSolution
		SolutionGuid = {5FF36BD9-B568-4374-8619-848B654694AB}
	EndGlobalSection
EndGlobal
